// !$*UTF8*$!
{
	archiveVersion = 1;
	classes = {
	};
	objectVersion = 50;
	objects = {

/* Begin PBXBuildFile section */
		3456549024AF198C00B419EC /* AppDelegate.swift in Sources */ = {isa = PBXBuildFile; fileRef = 3456548F24AF198C00B419EC /* AppDelegate.swift */; };
		3456549224AF198C00B419EC /* SceneDelegate.swift in Sources */ = {isa = PBXBuildFile; fileRef = 3456549124AF198C00B419EC /* SceneDelegate.swift */; };
		3456549424AF198C00B419EC /* ViewController.swift in Sources */ = {isa = PBXBuildFile; fileRef = 3456549324AF198C00B419EC /* ViewController.swift */; };
		3456549724AF198C00B419EC /* Main.storyboard in Resources */ = {isa = PBXBuildFile; fileRef = 3456549524AF198C00B419EC /* Main.storyboard */; };
		3456549924AF198F00B419EC /* Assets.xcassets in Resources */ = {isa = PBXBuildFile; fileRef = 3456549824AF198F00B419EC /* Assets.xcassets */; };
		3456549C24AF198F00B419EC /* LaunchScreen.storyboard in Resources */ = {isa = PBXBuildFile; fileRef = 3456549A24AF198F00B419EC /* LaunchScreen.storyboard */; };
		345654A724AF198F00B419EC /* AppCenterAppTests.swift in Sources */ = {isa = PBXBuildFile; fileRef = 345654A624AF198F00B419EC /* AppCenterAppTests.swift */; };
		345654B224AF198F00B419EC /* AppCenterAppUITests.swift in Sources */ = {isa = PBXBuildFile; fileRef = 345654B124AF198F00B419EC /* AppCenterAppUITests.swift */; };
/* End PBXBuildFile section */

/* Begin PBXContainerItemProxy section */
		345654A324AF198F00B419EC /* PBXContainerItemProxy */ = {
			isa = PBXContainerItemProxy;
			containerPortal = 3456548424AF198C00B419EC /* Project object */;
			proxyType = 1;
			remoteGlobalIDString = 3456548B24AF198C00B419EC;
			remoteInfo = AppCenterApp;
		};
		345654AE24AF198F00B419EC /* PBXContainerItemProxy */ = {
			isa = PBXContainerItemProxy;
			containerPortal = 3456548424AF198C00B419EC /* Project object */;
			proxyType = 1;
			remoteGlobalIDString = 3456548B24AF198C00B419EC;
			remoteInfo = AppCenterApp;
		};
/* End PBXContainerItemProxy section */

/* Begin PBXFileReference section */
		3456548C24AF198C00B419EC /* AppCenterApp.app */ = {isa = PBXFileReference; explicitFileType = wrapper.application; includeInIndex = 0; path = AppCenterApp.app; sourceTree = BUILT_PRODUCTS_DIR; };
		3456548F24AF198C00B419EC /* AppDelegate.swift */ = {isa = PBXFileReference; lastKnownFileType = sourcecode.swift; path = AppDelegate.swift; sourceTree = "<group>"; };
		3456549124AF198C00B419EC /* SceneDelegate.swift */ = {isa = PBXFileReference; lastKnownFileType = sourcecode.swift; path = SceneDelegate.swift; sourceTree = "<group>"; };
		3456549324AF198C00B419EC /* ViewController.swift */ = {isa = PBXFileReference; lastKnownFileType = sourcecode.swift; path = ViewController.swift; sourceTree = "<group>"; };
		3456549624AF198C00B419EC /* Base */ = {isa = PBXFileReference; lastKnownFileType = file.storyboard; name = Base; path = Base.lproj/Main.storyboard; sourceTree = "<group>"; };
		3456549824AF198F00B419EC /* Assets.xcassets */ = {isa = PBXFileReference; lastKnownFileType = folder.assetcatalog; path = Assets.xcassets; sourceTree = "<group>"; };
		3456549B24AF198F00B419EC /* Base */ = {isa = PBXFileReference; lastKnownFileType = file.storyboard; name = Base; path = Base.lproj/LaunchScreen.storyboard; sourceTree = "<group>"; };
		3456549D24AF198F00B419EC /* Info.plist */ = {isa = PBXFileReference; lastKnownFileType = text.plist.xml; path = Info.plist; sourceTree = "<group>"; };
		345654A224AF198F00B419EC /* AppCenterAppTests.xctest */ = {isa = PBXFileReference; explicitFileType = wrapper.cfbundle; includeInIndex = 0; path = AppCenterAppTests.xctest; sourceTree = BUILT_PRODUCTS_DIR; };
		345654A624AF198F00B419EC /* AppCenterAppTests.swift */ = {isa = PBXFileReference; lastKnownFileType = sourcecode.swift; path = AppCenterAppTests.swift; sourceTree = "<group>"; };
		345654A824AF198F00B419EC /* Info.plist */ = {isa = PBXFileReference; lastKnownFileType = text.plist.xml; path = Info.plist; sourceTree = "<group>"; };
		345654AD24AF198F00B419EC /* AppCenterAppUITests.xctest */ = {isa = PBXFileReference; explicitFileType = wrapper.cfbundle; includeInIndex = 0; path = AppCenterAppUITests.xctest; sourceTree = BUILT_PRODUCTS_DIR; };
		345654B124AF198F00B419EC /* AppCenterAppUITests.swift */ = {isa = PBXFileReference; lastKnownFileType = sourcecode.swift; path = AppCenterAppUITests.swift; sourceTree = "<group>"; };
		345654B324AF198F00B419EC /* Info.plist */ = {isa = PBXFileReference; lastKnownFileType = text.plist.xml; path = Info.plist; sourceTree = "<group>"; };
/* End PBXFileReference section */

/* Begin PBXFrameworksBuildPhase section */
		3456548924AF198C00B419EC /* Frameworks */ = {
			isa = PBXFrameworksBuildPhase;
			buildActionMask = 2147483647;
			files = (
			);
			runOnlyForDeploymentPostprocessing = 0;
		};
		3456549F24AF198F00B419EC /* Frameworks */ = {
			isa = PBXFrameworksBuildPhase;
			buildActionMask = 2147483647;
			files = (
			);
			runOnlyForDeploymentPostprocessing = 0;
		};
		345654AA24AF198F00B419EC /* Frameworks */ = {
			isa = PBXFrameworksBuildPhase;
			buildActionMask = 2147483647;
			files = (
			);
			runOnlyForDeploymentPostprocessing = 0;
		};
/* End PBXFrameworksBuildPhase section */

/* Begin PBXGroup section */
		3456548324AF198C00B419EC = {
			isa = PBXGroup;
			children = (
				3456548E24AF198C00B419EC /* AppCenterApp */,
				345654A524AF198F00B419EC /* AppCenterAppTests */,
				345654B024AF198F00B419EC /* AppCenterAppUITests */,
				3456548D24AF198C00B419EC /* Products */,
			);
			sourceTree = "<group>";
		};
		3456548D24AF198C00B419EC /* Products */ = {
			isa = PBXGroup;
			children = (
				3456548C24AF198C00B419EC /* AppCenterApp.app */,
				345654A224AF198F00B419EC /* AppCenterAppTests.xctest */,
				345654AD24AF198F00B419EC /* AppCenterAppUITests.xctest */,
			);
			name = Products;
			sourceTree = "<group>";
		};
		3456548E24AF198C00B419EC /* AppCenterApp */ = {
			isa = PBXGroup;
			children = (
				3456548F24AF198C00B419EC /* AppDelegate.swift */,
				3456549124AF198C00B419EC /* SceneDelegate.swift */,
				3456549324AF198C00B419EC /* ViewController.swift */,
				3456549524AF198C00B419EC /* Main.storyboard */,
				3456549824AF198F00B419EC /* Assets.xcassets */,
				3456549A24AF198F00B419EC /* LaunchScreen.storyboard */,
				3456549D24AF198F00B419EC /* Info.plist */,
			);
			path = AppCenterApp;
			sourceTree = "<group>";
		};
		345654A524AF198F00B419EC /* AppCenterAppTests */ = {
			isa = PBXGroup;
			children = (
				345654A624AF198F00B419EC /* AppCenterAppTests.swift */,
				345654A824AF198F00B419EC /* Info.plist */,
			);
			path = AppCenterAppTests;
			sourceTree = "<group>";
		};
		345654B024AF198F00B419EC /* AppCenterAppUITests */ = {
			isa = PBXGroup;
			children = (
				345654B124AF198F00B419EC /* AppCenterAppUITests.swift */,
				345654B324AF198F00B419EC /* Info.plist */,
			);
			path = AppCenterAppUITests;
			sourceTree = "<group>";
		};
/* End PBXGroup section */

/* Begin PBXNativeTarget section */
		3456548B24AF198C00B419EC /* AppCenterApp */ = {
			isa = PBXNativeTarget;
			buildConfigurationList = 345654B624AF198F00B419EC /* Build configuration list for PBXNativeTarget "AppCenterApp" */;
			buildPhases = (
				3456548824AF198C00B419EC /* Sources */,
				3456548924AF198C00B419EC /* Frameworks */,
				3456548A24AF198C00B419EC /* Resources */,
			);
			buildRules = (
			);
			dependencies = (
			);
			name = AppCenterApp;
			productName = AppCenterApp;
			productReference = 3456548C24AF198C00B419EC /* AppCenterApp.app */;
			productType = "com.apple.product-type.application";
		};
		345654A124AF198F00B419EC /* AppCenterAppTests */ = {
			isa = PBXNativeTarget;
			buildConfigurationList = 345654B924AF198F00B419EC /* Build configuration list for PBXNativeTarget "AppCenterAppTests" */;
			buildPhases = (
				3456549E24AF198F00B419EC /* Sources */,
				3456549F24AF198F00B419EC /* Frameworks */,
				345654A024AF198F00B419EC /* Resources */,
			);
			buildRules = (
			);
			dependencies = (
				345654A424AF198F00B419EC /* PBXTargetDependency */,
			);
			name = AppCenterAppTests;
			productName = AppCenterAppTests;
			productReference = 345654A224AF198F00B419EC /* AppCenterAppTests.xctest */;
			productType = "com.apple.product-type.bundle.unit-test";
		};
		345654AC24AF198F00B419EC /* AppCenterAppUITests */ = {
			isa = PBXNativeTarget;
			buildConfigurationList = 345654BC24AF198F00B419EC /* Build configuration list for PBXNativeTarget "AppCenterAppUITests" */;
			buildPhases = (
				345654A924AF198F00B419EC /* Sources */,
				345654AA24AF198F00B419EC /* Frameworks */,
				345654AB24AF198F00B419EC /* Resources */,
			);
			buildRules = (
			);
			dependencies = (
				345654AF24AF198F00B419EC /* PBXTargetDependency */,
			);
			name = AppCenterAppUITests;
			productName = AppCenterAppUITests;
			productReference = 345654AD24AF198F00B419EC /* AppCenterAppUITests.xctest */;
			productType = "com.apple.product-type.bundle.ui-testing";
		};
/* End PBXNativeTarget section */

/* Begin PBXProject section */
		3456548424AF198C00B419EC /* Project object */ = {
			isa = PBXProject;
			attributes = {
				LastSwiftUpdateCheck = 1130;
				LastUpgradeCheck = 1130;
				ORGANIZATIONNAME = "Awais Khalid";
				TargetAttributes = {
					3456548B24AF198C00B419EC = {
						CreatedOnToolsVersion = 11.3;
					};
					345654A124AF198F00B419EC = {
						CreatedOnToolsVersion = 11.3;
						TestTargetID = 3456548B24AF198C00B419EC;
					};
					345654AC24AF198F00B419EC = {
						CreatedOnToolsVersion = 11.3;
						TestTargetID = 3456548B24AF198C00B419EC;
					};
				};
			};
			buildConfigurationList = 3456548724AF198C00B419EC /* Build configuration list for PBXProject "AppCenterApp" */;
			compatibilityVersion = "Xcode 9.3";
			developmentRegion = en;
			hasScannedForEncodings = 0;
			knownRegions = (
				en,
				Base,
			);
			mainGroup = 3456548324AF198C00B419EC;
			productRefGroup = 3456548D24AF198C00B419EC /* Products */;
			projectDirPath = "";
			projectRoot = "";
			targets = (
				3456548B24AF198C00B419EC /* AppCenterApp */,
				345654A124AF198F00B419EC /* AppCenterAppTests */,
				345654AC24AF198F00B419EC /* AppCenterAppUITests */,
			);
		};
/* End PBXProject section */

/* Begin PBXResourcesBuildPhase section */
		3456548A24AF198C00B419EC /* Resources */ = {
			isa = PBXResourcesBuildPhase;
			buildActionMask = 2147483647;
			files = (
				3456549C24AF198F00B419EC /* LaunchScreen.storyboard in Resources */,
				3456549924AF198F00B419EC /* Assets.xcassets in Resources */,
				3456549724AF198C00B419EC /* Main.storyboard in Resources */,
			);
			runOnlyForDeploymentPostprocessing = 0;
		};
		345654A024AF198F00B419EC /* Resources */ = {
			isa = PBXResourcesBuildPhase;
			buildActionMask = 2147483647;
			files = (
			);
			runOnlyForDeploymentPostprocessing = 0;
		};
		345654AB24AF198F00B419EC /* Resources */ = {
			isa = PBXResourcesBuildPhase;
			buildActionMask = 2147483647;
			files = (
			);
			runOnlyForDeploymentPostprocessing = 0;
		};
/* End PBXResourcesBuildPhase section */

/* Begin PBXSourcesBuildPhase section */
		3456548824AF198C00B419EC /* Sources */ = {
			isa = PBXSourcesBuildPhase;
			buildActionMask = 2147483647;
			files = (
				3456549424AF198C00B419EC /* ViewController.swift in Sources */,
				3456549024AF198C00B419EC /* AppDelegate.swift in Sources */,
				3456549224AF198C00B419EC /* SceneDelegate.swift in Sources */,
			);
			runOnlyForDeploymentPostprocessing = 0;
		};
		3456549E24AF198F00B419EC /* Sources */ = {
			isa = PBXSourcesBuildPhase;
			buildActionMask = 2147483647;
			files = (
				345654A724AF198F00B419EC /* AppCenterAppTests.swift in Sources */,
			);
			runOnlyForDeploymentPostprocessing = 0;
		};
		345654A924AF198F00B419EC /* Sources */ = {
			isa = PBXSourcesBuildPhase;
			buildActionMask = 2147483647;
			files = (
				345654B224AF198F00B419EC /* AppCenterAppUITests.swift in Sources */,
			);
			runOnlyForDeploymentPostprocessing = 0;
		};
/* End PBXSourcesBuildPhase section */

/* Begin PBXTargetDependency section */
		345654A424AF198F00B419EC /* PBXTargetDependency */ = {
			isa = PBXTargetDependency;
			target = 3456548B24AF198C00B419EC /* AppCenterApp */;
			targetProxy = 345654A324AF198F00B419EC /* PBXContainerItemProxy */;
		};
		345654AF24AF198F00B419EC /* PBXTargetDependency */ = {
			isa = PBXTargetDependency;
			target = 3456548B24AF198C00B419EC /* AppCenterApp */;
			targetProxy = 345654AE24AF198F00B419EC /* PBXContainerItemProxy */;
		};
/* End PBXTargetDependency section */

/* Begin PBXVariantGroup section */
		3456549524AF198C00B419EC /* Main.storyboard */ = {
			isa = PBXVariantGroup;
			children = (
				3456549624AF198C00B419EC /* Base */,
			);
			name = Main.storyboard;
			sourceTree = "<group>";
		};
		3456549A24AF198F00B419EC /* LaunchScreen.storyboard */ = {
			isa = PBXVariantGroup;
			children = (
				3456549B24AF198F00B419EC /* Base */,
			);
			name = LaunchScreen.storyboard;
			sourceTree = "<group>";
		};
/* End PBXVariantGroup section */

/* Begin XCBuildConfiguration section */
		345654B424AF198F00B419EC /* Debug */ = {
			isa = XCBuildConfiguration;
			buildSettings = {
				ALWAYS_SEARCH_USER_PATHS = NO;
				CLANG_ANALYZER_NONNULL = YES;
				CLANG_ANALYZER_NUMBER_OBJECT_CONVERSION = YES_AGGRESSIVE;
				CLANG_CXX_LANGUAGE_STANDARD = "gnu++14";
				CLANG_CXX_LIBRARY = "libc++";
				CLANG_ENABLE_MODULES = YES;
				CLANG_ENABLE_OBJC_ARC = YES;
				CLANG_ENABLE_OBJC_WEAK = YES;
				CLANG_WARN_BLOCK_CAPTURE_AUTORELEASING = YES;
				CLANG_WARN_BOOL_CONVERSION = YES;
				CLANG_WARN_COMMA = YES;
				CLANG_WARN_CONSTANT_CONVERSION = YES;
				CLANG_WARN_DEPRECATED_OBJC_IMPLEMENTATIONS = YES;
				CLANG_WARN_DIRECT_OBJC_ISA_USAGE = YES_ERROR;
				CLANG_WARN_DOCUMENTATION_COMMENTS = YES;
				CLANG_WARN_EMPTY_BODY = YES;
				CLANG_WARN_ENUM_CONVERSION = YES;
				CLANG_WARN_INFINITE_RECURSION = YES;
				CLANG_WARN_INT_CONVERSION = YES;
				CLANG_WARN_NON_LITERAL_NULL_CONVERSION = YES;
				CLANG_WARN_OBJC_IMPLICIT_RETAIN_SELF = YES;
				CLANG_WARN_OBJC_LITERAL_CONVERSION = YES;
				CLANG_WARN_OBJC_ROOT_CLASS = YES_ERROR;
				CLANG_WARN_RANGE_LOOP_ANALYSIS = YES;
				CLANG_WARN_STRICT_PROTOTYPES = YES;
				CLANG_WARN_SUSPICIOUS_MOVE = YES;
				CLANG_WARN_UNGUARDED_AVAILABILITY = YES_AGGRESSIVE;
				CLANG_WARN_UNREACHABLE_CODE = YES;
				CLANG_WARN__DUPLICATE_METHOD_MATCH = YES;
				COPY_PHASE_STRIP = NO;
				DEBUG_INFORMATION_FORMAT = dwarf;
				ENABLE_STRICT_OBJC_MSGSEND = YES;
				ENABLE_TESTABILITY = YES;
				GCC_C_LANGUAGE_STANDARD = gnu11;
				GCC_DYNAMIC_NO_PIC = NO;
				GCC_NO_COMMON_BLOCKS = YES;
				GCC_OPTIMIZATION_LEVEL = 0;
				GCC_PREPROCESSOR_DEFINITIONS = (
					"DEBUG=1",
					"$(inherited)",
				);
				GCC_WARN_64_TO_32_BIT_CONVERSION = YES;
				GCC_WARN_ABOUT_RETURN_TYPE = YES_ERROR;
				GCC_WARN_UNDECLARED_SELECTOR = YES;
				GCC_WARN_UNINITIALIZED_AUTOS = YES_AGGRESSIVE;
				GCC_WARN_UNUSED_FUNCTION = YES;
				GCC_WARN_UNUSED_VARIABLE = YES;
				IPHONEOS_DEPLOYMENT_TARGET = 13.2;
				MTL_ENABLE_DEBUG_INFO = INCLUDE_SOURCE;
				MTL_FAST_MATH = YES;
				ONLY_ACTIVE_ARCH = YES;
				SDKROOT = iphoneos;
				SWIFT_ACTIVE_COMPILATION_CONDITIONS = DEBUG;
				SWIFT_OPTIMIZATION_LEVEL = "-Onone";
			};
			name = Debug;
		};
		345654B524AF198F00B419EC /* Release */ = {
			isa = XCBuildConfiguration;
			buildSettings = {
				ALWAYS_SEARCH_USER_PATHS = NO;
				CLANG_ANALYZER_NONNULL = YES;
				CLANG_ANALYZER_NUMBER_OBJECT_CONVERSION = YES_AGGRESSIVE;
				CLANG_CXX_LANGUAGE_STANDARD = "gnu++14";
				CLANG_CXX_LIBRARY = "libc++";
				CLANG_ENABLE_MODULES = YES;
				CLANG_ENABLE_OBJC_ARC = YES;
				CLANG_ENABLE_OBJC_WEAK = YES;
				CLANG_WARN_BLOCK_CAPTURE_AUTORELEASING = YES;
				CLANG_WARN_BOOL_CONVERSION = YES;
				CLANG_WARN_COMMA = YES;
				CLANG_WARN_CONSTANT_CONVERSION = YES;
				CLANG_WARN_DEPRECATED_OBJC_IMPLEMENTATIONS = YES;
				CLANG_WARN_DIRECT_OBJC_ISA_USAGE = YES_ERROR;
				CLANG_WARN_DOCUMENTATION_COMMENTS = YES;
				CLANG_WARN_EMPTY_BODY = YES;
				CLANG_WARN_ENUM_CONVERSION = YES;
				CLANG_WARN_INFINITE_RECURSION = YES;
				CLANG_WARN_INT_CONVERSION = YES;
				CLANG_WARN_NON_LITERAL_NULL_CONVERSION = YES;
				CLANG_WARN_OBJC_IMPLICIT_RETAIN_SELF = YES;
				CLANG_WARN_OBJC_LITERAL_CONVERSION = YES;
				CLANG_WARN_OBJC_ROOT_CLASS = YES_ERROR;
				CLANG_WARN_RANGE_LOOP_ANALYSIS = YES;
				CLANG_WARN_STRICT_PROTOTYPES = YES;
				CLANG_WARN_SUSPICIOUS_MOVE = YES;
				CLANG_WARN_UNGUARDED_AVAILABILITY = YES_AGGRESSIVE;
				CLANG_WARN_UNREACHABLE_CODE = YES;
				CLANG_WARN__DUPLICATE_METHOD_MATCH = YES;
				COPY_PHASE_STRIP = NO;
				DEBUG_INFORMATION_FORMAT = "dwarf-with-dsym";
				ENABLE_NS_ASSERTIONS = NO;
				ENABLE_STRICT_OBJC_MSGSEND = YES;
				GCC_C_LANGUAGE_STANDARD = gnu11;
				GCC_NO_COMMON_BLOCKS = YES;
				GCC_WARN_64_TO_32_BIT_CONVERSION = YES;
				GCC_WARN_ABOUT_RETURN_TYPE = YES_ERROR;
				GCC_WARN_UNDECLARED_SELECTOR = YES;
				GCC_WARN_UNINITIALIZED_AUTOS = YES_AGGRESSIVE;
				GCC_WARN_UNUSED_FUNCTION = YES;
				GCC_WARN_UNUSED_VARIABLE = YES;
				IPHONEOS_DEPLOYMENT_TARGET = 13.2;
				MTL_ENABLE_DEBUG_INFO = NO;
				MTL_FAST_MATH = YES;
				SDKROOT = iphoneos;
				SWIFT_COMPILATION_MODE = wholemodule;
				SWIFT_OPTIMIZATION_LEVEL = "-O";
				VALIDATE_PRODUCT = YES;
			};
			name = Release;
		};
		345654B724AF198F00B419EC /* Debug */ = {
			isa = XCBuildConfiguration;
			buildSettings = {
				ASSETCATALOG_COMPILER_APPICON_NAME = AppIcon;
				CODE_SIGN_STYLE = Automatic;
				DEVELOPMENT_TEAM = 97GS54QT3Z;
				INFOPLIST_FILE = AppCenterApp/Info.plist;
				LD_RUNPATH_SEARCH_PATHS = (
					"$(inherited)",
					"@executable_path/Frameworks",
				);
				PRODUCT_BUNDLE_IDENTIFIER = com.UBL.UBLDigital.AppCenterApp;
				PRODUCT_NAME = "$(TARGET_NAME)";
				SWIFT_VERSION = 5.0;
				TARGETED_DEVICE_FAMILY = "1,2";
			};
			name = Debug;
		};
		345654B824AF198F00B419EC /* Release */ = {
			isa = XCBuildConfiguration;
			buildSettings = {
				ASSETCATALOG_COMPILER_APPICON_NAME = AppIcon;
				CODE_SIGN_STYLE = Automatic;
				DEVELOPMENT_TEAM = 97GS54QT3Z;
				INFOPLIST_FILE = AppCenterApp/Info.plist;
				LD_RUNPATH_SEARCH_PATHS = (
					"$(inherited)",
					"@executable_path/Frameworks",
				);
				PRODUCT_BUNDLE_IDENTIFIER = com.UBL.UBLDigital.AppCenterApp;
				PRODUCT_NAME = "$(TARGET_NAME)";
				SWIFT_VERSION = 5.0;
				TARGETED_DEVICE_FAMILY = "1,2";
			};
			name = Release;
		};
		345654BA24AF198F00B419EC /* Debug */ = {
			isa = XCBuildConfiguration;
			buildSettings = {
				ALWAYS_EMBED_SWIFT_STANDARD_LIBRARIES = YES;
				BUNDLE_LOADER = "$(TEST_HOST)";
				CODE_SIGN_STYLE = Automatic;
				DEVELOPMENT_TEAM = 97GS54QT3Z;
				INFOPLIST_FILE = AppCenterAppTests/Info.plist;
				IPHONEOS_DEPLOYMENT_TARGET = 13.2;
				LD_RUNPATH_SEARCH_PATHS = (
					"$(inherited)",
					"@executable_path/Frameworks",
					"@loader_path/Frameworks",
				);
				PRODUCT_BUNDLE_IDENTIFIER = com.UBL.UBLDigital.AppCenterAppTests;
				PRODUCT_NAME = "$(TARGET_NAME)";
				SWIFT_VERSION = 5.0;
				TARGETED_DEVICE_FAMILY = "1,2";
				TEST_HOST = "$(BUILT_PRODUCTS_DIR)/AppCenterApp.app/AppCenterApp";
			};
			name = Debug;
		};
		345654BB24AF198F00B419EC /* Release */ = {
			isa = XCBuildConfiguration;
			buildSettings = {
				ALWAYS_EMBED_SWIFT_STANDARD_LIBRARIES = YES;
				BUNDLE_LOADER = "$(TEST_HOST)";
				CODE_SIGN_STYLE = Automatic;
				DEVELOPMENT_TEAM = 97GS54QT3Z;
				INFOPLIST_FILE = AppCenterAppTests/Info.plist;
				IPHONEOS_DEPLOYMENT_TARGET = 13.2;
				LD_RUNPATH_SEARCH_PATHS = (
					"$(inherited)",
					"@executable_path/Frameworks",
					"@loader_path/Frameworks",
				);
				PRODUCT_BUNDLE_IDENTIFIER = com.UBL.UBLDigital.AppCenterAppTests;
				PRODUCT_NAME = "$(TARGET_NAME)";
				SWIFT_VERSION = 5.0;
				TARGETED_DEVICE_FAMILY = "1,2";
				TEST_HOST = "$(BUILT_PRODUCTS_DIR)/AppCenterApp.app/AppCenterApp";
			};
			name = Release;
		};
		345654BD24AF198F00B419EC /* Debug */ = {
			isa = XCBuildConfiguration;
			buildSettings = {
				ALWAYS_EMBED_SWIFT_STANDARD_LIBRARIES = YES;
				CODE_SIGN_STYLE = Automatic;
				DEVELOPMENT_TEAM = 97GS54QT3Z;
				INFOPLIST_FILE = AppCenterAppUITests/Info.plist;
				LD_RUNPATH_SEARCH_PATHS = (
					"$(inherited)",
					"@executable_path/Frameworks",
					"@loader_path/Frameworks",
				);
				PRODUCT_BUNDLE_IDENTIFIER = com.UBL.UBLDigital.AppCenterAppUITests;
				PRODUCT_NAME = "$(TARGET_NAME)";
				SWIFT_VERSION = 5.0;
				TARGETED_DEVICE_FAMILY = "1,2";
				TEST_TARGET_NAME = AppCenterApp;
			};
			name = Debug;
		};
		345654BE24AF198F00B419EC /* Release */ = {
			isa = XCBuildConfiguration;
			buildSettings = {
				ALWAYS_EMBED_SWIFT_STANDARD_LIBRARIES = YES;
				CODE_SIGN_STYLE = Automatic;
				DEVELOPMENT_TEAM = 97GS54QT3Z;
				INFOPLIST_FILE = AppCenterAppUITests/Info.plist;
				LD_RUNPATH_SEARCH_PATHS = (
					"$(inherited)",
					"@executable_path/Frameworks",
					"@loader_path/Frameworks",
				);
				PRODUCT_BUNDLE_IDENTIFIER = com.UBL.UBLDigital.AppCenterAppUITests;
				PRODUCT_NAME = "$(TARGET_NAME)";
				SWIFT_VERSION = 5.0;
				TARGETED_DEVICE_FAMILY = "1,2";
				TEST_TARGET_NAME = AppCenterApp;
			};
			name = Release;
		};
/* End XCBuildConfiguration section */

/* Begin XCConfigurationList section */
		3456548724AF198C00B419EC /* Build configuration list for PBXProject "AppCenterApp" */ = {
			isa = XCConfigurationList;
			buildConfigurations = (
				345654B424AF198F00B419EC /* Debug */,
				345654B524AF198F00B419EC /* Release */,
			);
			defaultConfigurationIsVisible = 0;
			defaultConfigurationName = Release;
		};
		345654B624AF198F00B419EC /* Build configuration list for PBXNativeTarget "AppCenterApp" */ = {
			isa = XCConfigurationList;
			buildConfigurations = (
				345654B724AF198F00B419EC /* Debug */,
				345654B824AF198F00B419EC /* Release */,
			);
			defaultConfigurationIsVisible = 0;
			defaultConfigurationName = Release;
		};
		345654B924AF198F00B419EC /* Build configuration list for PBXNativeTarget "AppCenterAppTests" */ = {
			isa = XCConfigurationList;
			buildConfigurations = (
				345654BA24AF198F00B419EC /* Debug */,
				345654BB24AF198F00B419EC /* Release */,
			);
			defaultConfigurationIsVisible = 0;
			defaultConfigurationName = Release;
		};
		345654BC24AF198F00B419EC /* Build configuration list for PBXNativeTarget "AppCenterAppUITests" */ = {
			isa = XCConfigurationList;
			buildConfigurations = (
				345654BD24AF198F00B419EC /* Debug */,
				345654BE24AF198F00B419EC /* Release */,
			);
			defaultConfigurationIsVisible = 0;
			defaultConfigurationName = Release;
		};
/* End XCConfigurationList section */
	};
	rootObject = 3456548424AF198C00B419EC /* Project object */;
}
